
Microsoft Visual Studio Solution File, Format Version 12.00
# Visual Studio 15
VisualStudioVersion = 15.0.26228.4
MinimumVisualStudioVersion = 10.0.40219.1
Project("{FAE04EC0-301F-11D3-BF4B-00C04F79EFBC}") = "CardsService", "CardsService\CardsService.csproj", "{B413B58A-64D9-4DA3-BC56-63173B116AEE}"
EndProject
Project("{FAE04EC0-301F-11D3-BF4B-00C04F79EFBC}") = "CardsService.Test", "CardsService.Test\CardsService.Test.csproj", "{D18A6ED9-277C-463A-8986-FABE9E1C02ED}"
EndProject
Global
	GlobalSection(SolutionConfigurationPlatforms) = preSolution
		Debug|Any CPU = Debug|Any CPU
		Release|Any CPU = Release|Any CPU
	EndGlobalSection
	GlobalSection(ProjectConfigurationPlatforms) = postSolution
		{B413B58A-64D9-4DA3-BC56-63173B116AEE}.Debug|Any CPU.ActiveCfg = Debug|Any CPU
		{B413B58A-64D9-4DA3-BC56-63173B116AEE}.Debug|Any CPU.Build.0 = Debug|Any CPU
		{B413B58A-64D9-4DA3-BC56-63173B116AEE}.Release|Any CPU.ActiveCfg = Release|Any CPU
		{B413B58A-64D9-4DA3-BC56-63173B116AEE}.Release|Any CPU.Build.0 = Release|Any CPU
		{D18A6ED9-277C-463A-8986-FABE9E1C02ED}.Debug|Any CPU.ActiveCfg = Debug|Any CPU
		{D18A6ED9-277C-463A-8986-FABE9E1C02ED}.Debug|Any CPU.Build.0 = Debug|Any CPU
		{D18A6ED9-277C-463A-8986-FABE9E1C02ED}.Release|Any CPU.ActiveCfg = Release|Any CPU
		{D18A6ED9-277C-463A-8986-FABE9E1C02ED}.Release|Any CPU.Build.0 = Release|Any CPU
	EndGlobalSection
	GlobalSection(SolutionProperties) = preSolution
		HideSolutionNode = FALSE
	EndGlobalSection
EndGlobal
